
Microsoft Visual Studio Solution File, Format Version 12.00
# Visual Studio 2012
Project("{FAE04EC0-301F-11D3-BF4B-00C04F79EFBC}") = "ATRAVELOGGIA_MVC", "ATRAVELOGGIA_MVC.csproj", "{2277069F-8799-4274-BA1A-D3E554744B91}"
EndProject
Global
	GlobalSection(TeamFoundationVersionControl) = preSolution
		SccNumberOfProjects = 2
		SccEnterpriseProvider = {4CA58AB2-18FA-4F8D-95D4-32DDF27D184C}
		SccTeamFoundationServer = http://bigboy:8080/tfs/traveloggia
		SccLocalPath0 = .
		SccProjectUniqueName1 = ATRAVELOGGIA_MVC.csproj
		SccLocalPath1 = .
	EndGlobalSection
	GlobalSection(SolutionConfigurationPlatforms) = preSolution
		Debug|Any CPU = Debug|Any CPU
		Release|Any CPU = Release|Any CPU
	EndGlobalSection
	GlobalSection(ProjectConfigurationPlatforms) = postSolution
		{2277069F-8799-4274-BA1A-D3E554744B91}.Debug|Any CPU.ActiveCfg = Debug|Any CPU
		{2277069F-8799-4274-BA1A-D3E554744B91}.Debug|Any CPU.Build.0 = Debug|Any CPU
		{2277069F-8799-4274-BA1A-D3E554744B91}.Release|Any CPU.ActiveCfg = Release|Any CPU
		{2277069F-8799-4274-BA1A-D3E554744B91}.Release|Any CPU.Build.0 = Release|Any CPU
	EndGlobalSection
	GlobalSection(SolutionProperties) = preSolution
		HideSolutionNode = FALSE
	EndGlobalSection
EndGlobal
